<Solution>
  <Folder Name="/Solution Items/">
    <File Path=".editorconfig" />
    <File Path=".gitignore" />
    <File Path="CleanApiStarter.Template.csproj" />
    <File Path="Directory.Build.props" />
    <File Path="Directory.Packages.props" />
    <File Path="docker-compose.yml" />
    <File Path="global.json" />
    <File Path="LICENSE" />
    <File Path="README.md" />
  </Folder>
  <Folder Name="/Solution Items/.config/">
    <File Path=".config/dotnet-tools.json" />
  </Folder>
  <Folder Name="/Solution Items/.github/" />
  <Folder Name="/Solution Items/.github/workflows/">
    <File Path=".github/workflows/build.yml" />
    <File Path=".github/workflows/codeql.yml" />
    <File Path=".github/workflows/release.yml" />
    <File Path=".github/workflows/template.yml" />
  </Folder>
  <Folder Name="/Solution Items/.template.config/">
    <File Path=".template.config/template.json" />
  </Folder>
  <Folder Name="/database/" />
  <Folder Name="/database/migrations/">
    <File Path="database/migrations/V001__create_projects_and_tasks_tables.sql" />
    <File Path="database/migrations/V002__create_identity_tables.sql" />
  </Folder>
  <Folder Name="/scripts/">
    <File Path="scripts/install-template.sh" />
    <File Path="scripts/test-coverage.sh" />
  </Folder>
  <Folder Name="/src/">
    <Project Path="src/CleanApiStarter.Api/CleanApiStarter.Api.csproj" />
    <Project Path="src/CleanApiStarter.AppHost/CleanApiStarter.AppHost.csproj" />
    <Project Path="src/CleanApiStarter.AspNetCoreDefaults/CleanApiStarter.AspNetCoreDefaults.csproj" />
  </Folder>
  <Folder Name="/tests/">
    <Project Path="tests/CleanApiStarter.TestUtilities/CleanApiStarter.TestUtilities.csproj" />
    <Project Path="tests/CleanApiStarter.IntegrationTests/CleanApiStarter.IntegrationTests.csproj" />
    <Project Path="tests/CleanApiStarter.UnitTests/CleanApiStarter.UnitTests.csproj" />
  </Folder>
</Solution>
